
Microsoft Visual Studio Solution File, Format Version 12.00
# Visual Studio Version 17
VisualStudioVersion = 17.0.31903.59
MinimumVisualStudioVersion = 10.0.40219.1
Project("{2150E333-8FDC-42A3-9474-1A3956D46DE8}") = "src", "src", "{827E0CD3-B72D-47B6-A68D-7590B98EB39B}"
EndProject
Project("{FAE04EC0-301F-11D3-BF4B-00C04F79EFBC}") = "QbitFlow.Core", "src\QbitFlow.Core\QbitFlow.Core.csproj", "{6A93B932-A03A-44D3-BABD-B8B203C37DD1}"
EndProject
Project("{FAE04EC0-301F-11D3-BF4B-00C04F79EFBC}") = "QbitFlow.Infrastructure", "src\QbitFlow.Infrastructure\QbitFlow.Infrastructure.csproj", "{3188B4C8-949B-43F6-BF92-329AB07F54B0}"
EndProject
Project("{FAE04EC0-301F-11D3-BF4B-00C04F79EFBC}") = "QbitFlow.Sources", "src\QbitFlow.Sources\QbitFlow.Sources.csproj", "{DA80265B-7A39-45B8-8793-8909844E1EC6}"
EndProject
Project("{FAE04EC0-301F-11D3-BF4B-00C04F79EFBC}") = "QbitFlow.Engine", "src\QbitFlow.Engine\QbitFlow.Engine.csproj", "{428A8088-E50B-4380-8B80-8AD8C3E0B4D0}"
EndProject
Project("{FAE04EC0-301F-11D3-BF4B-00C04F79EFBC}") = "QbitFlow.Web", "src\QbitFlow.Web\QbitFlow.Web.csproj", "{A2C4296F-6B80-4C49-A069-F19CD94C2A5F}"
EndProject
Project("{FAE04EC0-301F-11D3-BF4B-00C04F79EFBC}") = "QbitFlow.Tests", "tests\QbitFlow.Tests\QbitFlow.Tests.csproj", "{A0012191-6BAF-44E3-B072-93BA6F083B11}"
EndProject
Global
	GlobalSection(SolutionConfigurationPlatforms) = preSolution
		Debug|Any CPU = Debug|Any CPU
		Debug|x64 = Debug|x64
		Debug|x86 = Debug|x86
		Release|Any CPU = Release|Any CPU
		Release|x64 = Release|x64
		Release|x86 = Release|x86
	EndGlobalSection
	GlobalSection(ProjectConfigurationPlatforms) = postSolution
		{6A93B932-A03A-44D3-BABD-B8B203C37DD1}.Debug|Any CPU.ActiveCfg = Debug|Any CPU
		{6A93B932-A03A-44D3-BABD-B8B203C37DD1}.Debug|Any CPU.Build.0 = Debug|Any CPU
		{6A93B932-A03A-44D3-BABD-B8B203C37DD1}.Debug|x64.ActiveCfg = Debug|Any CPU
		{6A93B932-A03A-44D3-BABD-B8B203C37DD1}.Debug|x64.Build.0 = Debug|Any CPU
		{6A93B932-A03A-44D3-BABD-B8B203C37DD1}.Debug|x86.ActiveCfg = Debug|Any CPU
		{6A93B932-A03A-44D3-BABD-B8B203C37DD1}.Debug|x86.Build.0 = Debug|Any CPU
		{6A93B932-A03A-44D3-BABD-B8B203C37DD1}.Release|Any CPU.ActiveCfg = Release|Any CPU
		{6A93B932-A03A-44D3-BABD-B8B203C37DD1}.Release|Any CPU.Build.0 = Release|Any CPU
		{6A93B932-A03A-44D3-BABD-B8B203C37DD1}.Release|x64.ActiveCfg = Release|Any CPU
		{6A93B932-A03A-44D3-BABD-B8B203C37DD1}.Release|x64.Build.0 = Release|Any CPU
		{6A93B932-A03A-44D3-BABD-B8B203C37DD1}.Release|x86.ActiveCfg = Release|Any CPU
		{6A93B932-A03A-44D3-BABD-B8B203C37DD1}.Release|x86.Build.0 = Release|Any CPU
		{3188B4C8-949B-43F6-BF92-329AB07F54B0}.Debug|Any CPU.ActiveCfg = Debug|Any CPU
		{3188B4C8-949B-43F6-BF92-329AB07F54B0}.Debug|Any CPU.Build.0 = Debug|Any CPU
		{3188B4C8-949B-43F6-BF92-329AB07F54B0}.Debug|x64.ActiveCfg = Debug|Any CPU
		{3188B4C8-949B-43F6-BF92-329AB07F54B0}.Debug|x64.Build.0 = Debug|Any CPU
		{3188B4C8-949B-43F6-BF92-329AB07F54B0}.Debug|x86.ActiveCfg = Debug|Any CPU
		{3188B4C8-949B-43F6-BF92-329AB07F54B0}.Debug|x86.Build.0 = Debug|Any CPU
		{3188B4C8-949B-43F6-BF92-329AB07F54B0}.Release|Any CPU.ActiveCfg = Release|Any CPU
		{3188B4C8-949B-43F6-BF92-329AB07F54B0}.Release|Any CPU.Build.0 = Release|Any CPU
		{3188B4C8-949B-43F6-BF92-329AB07F54B0}.Release|x64.ActiveCfg = Release|Any CPU
		{3188B4C8-949B-43F6-BF92-329AB07F54B0}.Release|x64.Build.0 = Release|Any CPU
		{3188B4C8-949B-43F6-BF92-329AB07F54B0}.Release|x86.ActiveCfg = Release|Any CPU
		{3188B4C8-949B-43F6-BF92-329AB07F54B0}.Release|x86.Build.0 = Release|Any CPU
		{DA80265B-7A39-45B8-8793-8909844E1EC6}.Debug|Any CPU.ActiveCfg = Debug|Any CPU
		{DA80265B-7A39-45B8-8793-8909844E1EC6}.Debug|Any CPU.Build.0 = Debug|Any CPU
		{DA80265B-7A39-45B8-8793-8909844E1EC6}.Debug|x64.ActiveCfg = Debug|Any CPU
		{DA80265B-7A39-45B8-8793-8909844E1EC6}.Debug|x64.Build.0 = Debug|Any CPU
		{DA80265B-7A39-45B8-8793-8909844E1EC6}.Debug|x86.ActiveCfg = Debug|Any CPU
		{DA80265B-7A39-45B8-8793-8909844E1EC6}.Debug|x86.Build.0 = Debug|Any CPU
		{DA80265B-7A39-45B8-8793-8909844E1EC6}.Release|Any CPU.ActiveCfg = Release|Any CPU
		{DA80265B-7A39-45B8-8793-8909844E1EC6}.Release|Any CPU.Build.0 = Release|Any CPU
		{DA80265B-7A39-45B8-8793-8909844E1EC6}.Release|x64.ActiveCfg = Release|Any CPU
		{DA80265B-7A39-45B8-8793-8909844E1EC6}.Release|x64.Build.0 = Release|Any CPU
		{DA80265B-7A39-45B8-8793-8909844E1EC6}.Release|x86.ActiveCfg = Release|Any CPU
		{DA80265B-7A39-45B8-8793-8909844E1EC6}.Release|x86.Build.0 = Release|Any CPU
		{428A8088-E50B-4380-8B80-8AD8C3E0B4D0}.Debug|Any CPU.ActiveCfg = Debug|Any CPU
		{428A8088-E50B-4380-8B80-8AD8C3E0B4D0}.Debug|Any CPU.Build.0 = Debug|Any CPU
		{428A8088-E50B-4380-8B80-8AD8C3E0B4D0}.Debug|x64.ActiveCfg = Debug|Any CPU
		{428A8088-E50B-4380-8B80-8AD8C3E0B4D0}.Debug|x64.Build.0 = Debug|Any CPU
		{428A8088-E50B-4380-8B80-8AD8C3E0B4D0}.Debug|x86.ActiveCfg = Debug|Any CPU
		{428A8088-E50B-4380-8B80-8AD8C3E0B4D0}.Debug|x86.Build.0 = Debug|Any CPU
		{428A8088-E50B-4380-8B80-8AD8C3E0B4D0}.Release|Any CPU.ActiveCfg = Release|Any CPU
		{428A8088-E50B-4380-8B80-8AD8C3E0B4D0}.Release|Any CPU.Build.0 = Release|Any CPU
		{428A8088-E50B-4380-8B80-8AD8C3E0B4D0}.Release|x64.ActiveCfg = Release|Any CPU
		{428A8088-E50B-4380-8B80-8AD8C3E0B4D0}.Release|x64.Build.0 = Release|Any CPU
		{428A8088-E50B-4380-8B80-8AD8C3E0B4D0}.Release|x86.ActiveCfg = Release|Any CPU
		{428A8088-E50B-4380-8B80-8AD8C3E0B4D0}.Release|x86.Build.0 = Release|Any CPU
		{A2C4296F-6B80-4C49-A069-F19CD94C2A5F}.Debug|Any CPU.ActiveCfg = Debug|Any CPU
		{A2C4296F-6B80-4C49-A069-F19CD94C2A5F}.Debug|Any CPU.Build.0 = Debug|Any CPU
		{A2C4296F-6B80-4C49-A069-F19CD94C2A5F}.Debug|x64.ActiveCfg = Debug|Any CPU
		{A2C4296F-6B80-4C49-A069-F19CD94C2A5F}.Debug|x64.Build.0 = Debug|Any CPU
		{A2C4296F-6B80-4C49-A069-F19CD94C2A5F}.Debug|x86.ActiveCfg = Debug|Any CPU
		{A2C4296F-6B80-4C49-A069-F19CD94C2A5F}.Debug|x86.Build.0 = Debug|Any CPU
		{A2C4296F-6B80-4C49-A069-F19CD94C2A5F}.Release|Any CPU.ActiveCfg = Release|Any CPU
		{A2C4296F-6B80-4C49-A069-F19CD94C2A5F}.Release|Any CPU.Build.0 = Release|Any CPU
		{A2C4296F-6B80-4C49-A069-F19CD94C2A5F}.Release|x64.ActiveCfg = Release|Any CPU
		{A2C4296F-6B80-4C49-A069-F19CD94C2A5F}.Release|x64.Build.0 = Release|Any CPU
		{A2C4296F-6B80-4C49-A069-F19CD94C2A5F}.Release|x86.ActiveCfg = Release|Any CPU
		{A2C4296F-6B80-4C49-A069-F19CD94C2A5F}.Release|x86.Build.0 = Release|Any CPU
		{A0012191-6BAF-44E3-B072-93BA6F083B11}.Debug|Any CPU.ActiveCfg = Debug|Any CPU
		{A0012191-6BAF-44E3-B072-93BA6F083B11}.Debug|Any CPU.Build.0 = Debug|Any CPU
		{A0012191-6BAF-44E3-B072-93BA6F083B11}.Debug|x64.ActiveCfg = Debug|Any CPU
		{A0012191-6BAF-44E3-B072-93BA6F083B11}.Debug|x64.Build.0 = Debug|Any CPU
		{A0012191-6BAF-44E3-B072-93BA6F083B11}.Debug|x86.ActiveCfg = Debug|Any CPU
		{A0012191-6BAF-44E3-B072-93BA6F083B11}.Debug|x86.Build.0 = Debug|Any CPU
		{A0012191-6BAF-44E3-B072-93BA6F083B11}.Release|Any CPU.ActiveCfg = Release|Any CPU
		{A0012191-6BAF-44E3-B072-93BA6F083B11}.Release|Any CPU.Build.0 = Release|Any CPU
		{A0012191-6BAF-44E3-B072-93BA6F083B11}.Release|x64.ActiveCfg = Release|Any CPU
		{A0012191-6BAF-44E3-B072-93BA6F083B11}.Release|x64.Build.0 = Release|Any CPU
		{A0012191-6BAF-44E3-B072-93BA6F083B11}.Release|x86.ActiveCfg = Release|Any CPU
		{A0012191-6BAF-44E3-B072-93BA6F083B11}.Release|x86.Build.0 = Release|Any CPU
	EndGlobalSection
	GlobalSection(SolutionProperties) = preSolution
		HideSolutionNode = FALSE
	EndGlobalSection
	GlobalSection(NestedProjects) = preSolution
		{6A93B932-A03A-44D3-BABD-B8B203C37DD1} = {827E0CD3-B72D-47B6-A68D-7590B98EB39B}
		{3188B4C8-949B-43F6-BF92-329AB07F54B0} = {827E0CD3-B72D-47B6-A68D-7590B98EB39B}
		{DA80265B-7A39-45B8-8793-8909844E1EC6} = {827E0CD3-B72D-47B6-A68D-7590B98EB39B}
		{428A8088-E50B-4380-8B80-8AD8C3E0B4D0} = {827E0CD3-B72D-47B6-A68D-7590B98EB39B}
		{A2C4296F-6B80-4C49-A069-F19CD94C2A5F} = {827E0CD3-B72D-47B6-A68D-7590B98EB39B}
		{A0012191-6BAF-44E3-B072-93BA6F083B11} = {827E0CD3-B72D-47B6-A68D-7590B98EB39B}
	EndGlobalSection
EndGlobal
